
Microsoft Visual Studio Solution File, Format Version 12.00
# Visual Studio Version 17
VisualStudioVersion = 17.0.32112.339
MinimumVisualStudioVersion = 10.0.40219.1
Project("{9A19103F-16F7-4668-BE54-9A1E7A4F7556}") = "RaffleProjectOptimal", "RaffleProjectOptimal\RaffleProjectOptimal.csproj", "{491BBF68-13C0-4138-8DA6-D37983241940}"
EndProject
Project("{FAE04EC0-301F-11D3-BF4B-00C04F79EFBC}") = "RaffleAdminSite", "RaffleAdminSite\RaffleAdminSite.csproj", "{8BFAA748-17DA-4267-8007-901F807CB75C}"
EndProject
Global
	GlobalSection(SolutionConfigurationPlatforms) = preSolution
		Debug|Any CPU = Debug|Any CPU
		Release|Any CPU = Release|Any CPU
	EndGlobalSection
	GlobalSection(ProjectConfigurationPlatforms) = postSolution
		{491BBF68-13C0-4138-8DA6-D37983241940}.Debug|Any CPU.ActiveCfg = Debug|Any CPU
		{491BBF68-13C0-4138-8DA6-D37983241940}.Debug|Any CPU.Build.0 = Debug|Any CPU
		{491BBF68-13C0-4138-8DA6-D37983241940}.Release|Any CPU.ActiveCfg = Release|Any CPU
		{491BBF68-13C0-4138-8DA6-D37983241940}.Release|Any CPU.Build.0 = Release|Any CPU
		{8BFAA748-17DA-4267-8007-901F807CB75C}.Debug|Any CPU.ActiveCfg = Debug|Any CPU
		{8BFAA748-17DA-4267-8007-901F807CB75C}.Debug|Any CPU.Build.0 = Debug|Any CPU
		{8BFAA748-17DA-4267-8007-901F807CB75C}.Release|Any CPU.ActiveCfg = Release|Any CPU
		{8BFAA748-17DA-4267-8007-901F807CB75C}.Release|Any CPU.Build.0 = Release|Any CPU
	EndGlobalSection
	GlobalSection(SolutionProperties) = preSolution
		HideSolutionNode = FALSE
	EndGlobalSection
	GlobalSection(ExtensibilityGlobals) = postSolution
		SolutionGuid = {2915D3B7-B930-4111-9E51-189C05251757}
	EndGlobalSection
EndGlobal
